
Microsoft Visual Studio Solution File, Format Version 12.00
# Visual Studio Version 16
VisualStudioVersion = 16.0.31729.503
MinimumVisualStudioVersion = 10.0.40219.1
Project("{00D1A9C2-B5F0-4AF3-8072-F6C62B433612}") = "CustomerDB", "CustomerDB\CustomerDB.sqlproj", "{8A54E363-C7FB-4B02-BC3E-D6CB47912034}"
EndProject
Global
	GlobalSection(SolutionConfigurationPlatforms) = preSolution
		Debug|Any CPU = Debug|Any CPU
		Release|Any CPU = Release|Any CPU
	EndGlobalSection
	GlobalSection(ProjectConfigurationPlatforms) = postSolution
		{8A54E363-C7FB-4B02-BC3E-D6CB47912034}.Debug|Any CPU.ActiveCfg = Debug|Any CPU
		{8A54E363-C7FB-4B02-BC3E-D6CB47912034}.Debug|Any CPU.Build.0 = Debug|Any CPU
		{8A54E363-C7FB-4B02-BC3E-D6CB47912034}.Debug|Any CPU.Deploy.0 = Debug|Any CPU
		{8A54E363-C7FB-4B02-BC3E-D6CB47912034}.Release|Any CPU.ActiveCfg = Release|Any CPU
		{8A54E363-C7FB-4B02-BC3E-D6CB47912034}.Release|Any CPU.Build.0 = Release|Any CPU
		{8A54E363-C7FB-4B02-BC3E-D6CB47912034}.Release|Any CPU.Deploy.0 = Release|Any CPU
	EndGlobalSection
	GlobalSection(SolutionProperties) = preSolution
		HideSolutionNode = FALSE
	EndGlobalSection
	GlobalSection(ExtensibilityGlobals) = postSolution
		SolutionGuid = {E7CDF5BD-CA83-4202-B151-4AA9047F2E8C}
	EndGlobalSection
EndGlobal
